// !$*UTF8*$!
{
	archiveVersion = 1;
	classes = {
	};
	objectVersion = 46;
	objects = {

/* Begin PBXBuildFile section */
		170AA3F91CE32AE3004B60FA /* BookDetail+CoreDataProperties.swift in Sources */ = {isa = PBXBuildFile; fileRef = 170AA3F71CE32AE3004B60FA /* BookDetail+CoreDataProperties.swift */; };
		170AA3FA1CE32AE3004B60FA /* BookDetail.swift in Sources */ = {isa = PBXBuildFile; fileRef = 170AA3F81CE32AE3004B60FA /* BookDetail.swift */; };
		170AA3FF1CE32BA0004B60FA /* BookDataModel.swift in Sources */ = {isa = PBXBuildFile; fileRef = 170AA3FE1CE32BA0004B60FA /* BookDataModel.swift */; };
		170AA4011CE36D83004B60FA /* BookListTableViewController.swift in Sources */ = {isa = PBXBuildFile; fileRef = 170AA4001CE36D83004B60FA /* BookListTableViewController.swift */; };
		170AA4031CE36DA3004B60FA /* BookListTableViewCell.swift in Sources */ = {isa = PBXBuildFile; fileRef = 170AA4021CE36DA3004B60FA /* BookListTableViewCell.swift */; };
		172F45ED1CF4C9FB00F6CE9C /* LibraryBookListTableViewCell.swift in Sources */ = {isa = PBXBuildFile; fileRef = 172F45EC1CF4C9FB00F6CE9C /* LibraryBookListTableViewCell.swift */; };
		179E926F1CF05AAB00C84953 /* LibraryBookViewController.swift in Sources */ = {isa = PBXBuildFile; fileRef = 179E926E1CF05AAB00C84953 /* LibraryBookViewController.swift */; };
		179E92761CF05ADC00C84953 /* LibraryBookTableViewController.swift in Sources */ = {isa = PBXBuildFile; fileRef = 179E92751CF05ADC00C84953 /* LibraryBookTableViewController.swift */; };
		17F098A61CE1A6AB009ABE02 /* AppDelegate.swift in Sources */ = {isa = PBXBuildFile; fileRef = 17F098A51CE1A6AB009ABE02 /* AppDelegate.swift */; };
		17F098A81CE1A6AB009ABE02 /* ViewController.swift in Sources */ = {isa = PBXBuildFile; fileRef = 17F098A71CE1A6AB009ABE02 /* ViewController.swift */; };
		17F098AB1CE1A6AB009ABE02 /* Main.storyboard in Resources */ = {isa = PBXBuildFile; fileRef = 17F098A91CE1A6AB009ABE02 /* Main.storyboard */; };
		17F098AE1CE1A6AB009ABE02 /* BookSearch.xcdatamodeld in Sources */ = {isa = PBXBuildFile; fileRef = 17F098AC1CE1A6AB009ABE02 /* BookSearch.xcdatamodeld */; };
		17F098B01CE1A6AB009ABE02 /* Assets.xcassets in Resources */ = {isa = PBXBuildFile; fileRef = 17F098AF1CE1A6AB009ABE02 /* Assets.xcassets */; };
		17F098B31CE1A6AB009ABE02 /* LaunchScreen.storyboard in Resources */ = {isa = PBXBuildFile; fileRef = 17F098B11CE1A6AB009ABE02 /* LaunchScreen.storyboard */; };
		17F098BE1CE1A6AB009ABE02 /* BookSearchTests.swift in Sources */ = {isa = PBXBuildFile; fileRef = 17F098BD1CE1A6AB009ABE02 /* BookSearchTests.swift */; };
		17F098C91CE1A6AB009ABE02 /* BookSearchUITests.swift in Sources */ = {isa = PBXBuildFile; fileRef = 17F098C81CE1A6AB009ABE02 /* BookSearchUITests.swift */; };
		17F098DB1CE1AA10009ABE02 /* UserCameraViewController.swift in Sources */ = {isa = PBXBuildFile; fileRef = 17F098DA1CE1AA10009ABE02 /* UserCameraViewController.swift */; };
		17F098DF1CE1EC20009ABE02 /* BookDetailViewController.swift in Sources */ = {isa = PBXBuildFile; fileRef = 17F098DE1CE1EC20009ABE02 /* BookDetailViewController.swift */; };
		4950E14212EF3024081622D8 /* Pods_BookSearchUITests.framework in Frameworks */ = {isa = PBXBuildFile; fileRef = B2EF1A1DE8AC2793EAAC86E1 /* Pods_BookSearchUITests.framework */; };
		A110C204A18EB324F33FEED9 /* Pods_BookSearch.framework in Frameworks */ = {isa = PBXBuildFile; fileRef = BACB774F6ACEF12140CD3EE1 /* Pods_BookSearch.framework */; };
		A3E05A478767CD4FB93616D4 /* Pods_BookSearchTests.framework in Frameworks */ = {isa = PBXBuildFile; fileRef = 1D8C1487C3790D28DC622340 /* Pods_BookSearchTests.framework */; };
/* End PBXBuildFile section */

/* Begin PBXContainerItemProxy section */
		17F098BA1CE1A6AB009ABE02 /* PBXContainerItemProxy */ = {
			isa = PBXContainerItemProxy;
			containerPortal = 17F0989A1CE1A6AB009ABE02 /* Project object */;
			proxyType = 1;
			remoteGlobalIDString = 17F098A11CE1A6AB009ABE02;
			remoteInfo = BookSearch;
		};
		17F098C51CE1A6AB009ABE02 /* PBXContainerItemProxy */ = {
			isa = PBXContainerItemProxy;
			containerPortal = 17F0989A1CE1A6AB009ABE02 /* Project object */;
			proxyType = 1;
			remoteGlobalIDString = 17F098A11CE1A6AB009ABE02;
			remoteInfo = BookSearch;
		};
/* End PBXContainerItemProxy section */

/* Begin PBXFileReference section */
		170AA3F71CE32AE3004B60FA /* BookDetail+CoreDataProperties.swift */ = {isa = PBXFileReference; fileEncoding = 4; lastKnownFileType = sourcecode.swift; path = "BookDetail+CoreDataProperties.swift"; sourceTree = "<group>"; };
		170AA3F81CE32AE3004B60FA /* BookDetail.swift */ = {isa = PBXFileReference; fileEncoding = 4; lastKnownFileType = sourcecode.swift; path = BookDetail.swift; sourceTree = "<group>"; };
		170AA3FE1CE32BA0004B60FA /* BookDataModel.swift */ = {isa = PBXFileReference; fileEncoding = 4; lastKnownFileType = sourcecode.swift; path = BookDataModel.swift; sourceTree = "<group>"; };
		170AA4001CE36D83004B60FA /* BookListTableViewController.swift */ = {isa = PBXFileReference; fileEncoding = 4; lastKnownFileType = sourcecode.swift; path = BookListTableViewController.swift; sourceTree = "<group>"; };
		170AA4021CE36DA3004B60FA /* BookListTableViewCell.swift */ = {isa = PBXFileReference; fileEncoding = 4; lastKnownFileType = sourcecode.swift; path = BookListTableViewCell.swift; sourceTree = "<group>"; };
		172F45EC1CF4C9FB00F6CE9C /* LibraryBookListTableViewCell.swift */ = {isa = PBXFileReference; fileEncoding = 4; lastKnownFileType = sourcecode.swift; path = LibraryBookListTableViewCell.swift; sourceTree = "<group>"; };
		179E926E1CF05AAB00C84953 /* LibraryBookViewController.swift */ = {isa = PBXFileReference; fileEncoding = 4; lastKnownFileType = sourcecode.swift; path = LibraryBookViewController.swift; sourceTree = "<group>"; };
		179E92751CF05ADC00C84953 /* LibraryBookTableViewController.swift */ = {isa = PBXFileReference; fileEncoding = 4; lastKnownFileType = sourcecode.swift; path = LibraryBookTableViewController.swift; sourceTree = "<group>"; };
		17F098A21CE1A6AB009ABE02 /* BookSearch.app */ = {isa = PBXFileReference; explicitFileType = wrapper.application; includeInIndex = 0; path = BookSearch.app; sourceTree = BUILT_PRODUCTS_DIR; };
		17F098A51CE1A6AB009ABE02 /* AppDelegate.swift */ = {isa = PBXFileReference; lastKnownFileType = sourcecode.swift; path = AppDelegate.swift; sourceTree = "<group>"; };
		17F098A71CE1A6AB009ABE02 /* ViewController.swift */ = {isa = PBXFileReference; lastKnownFileType = sourcecode.swift; path = ViewController.swift; sourceTree = "<group>"; };
		17F098AA1CE1A6AB009ABE02 /* Base */ = {isa = PBXFileReference; lastKnownFileType = file.storyboard; name = Base; path = Base.lproj/Main.storyboard; sourceTree = "<group>"; };
		17F098AD1CE1A6AB009ABE02 /* BookSearch.xcdatamodel */ = {isa = PBXFileReference; lastKnownFileType = wrapper.xcdatamodel; path = BookSearch.xcdatamodel; sourceTree = "<group>"; };
		17F098AF1CE1A6AB009ABE02 /* Assets.xcassets */ = {isa = PBXFileReference; lastKnownFileType = folder.assetcatalog; path = Assets.xcassets; sourceTree = "<group>"; };
		17F098B21CE1A6AB009ABE02 /* Base */ = {isa = PBXFileReference; lastKnownFileType = file.storyboard; name = Base; path = Base.lproj/LaunchScreen.storyboard; sourceTree = "<group>"; };
		17F098B41CE1A6AB009ABE02 /* Info.plist */ = {isa = PBXFileReference; lastKnownFileType = text.plist.xml; path = Info.plist; sourceTree = "<group>"; };
		17F098B91CE1A6AB009ABE02 /* BookSearchTests.xctest */ = {isa = PBXFileReference; explicitFileType = wrapper.cfbundle; includeInIndex = 0; path = BookSearchTests.xctest; sourceTree = BUILT_PRODUCTS_DIR; };
		17F098BD1CE1A6AB009ABE02 /* BookSearchTests.swift */ = {isa = PBXFileReference; lastKnownFileType = sourcecode.swift; path = BookSearchTests.swift; sourceTree = "<group>"; };
		17F098BF1CE1A6AB009ABE02 /* Info.plist */ = {isa = PBXFileReference; lastKnownFileType = text.plist.xml; path = Info.plist; sourceTree = "<group>"; };
		17F098C41CE1A6AB009ABE02 /* BookSearchUITests.xctest */ = {isa = PBXFileReference; explicitFileType = wrapper.cfbundle; includeInIndex = 0; path = BookSearchUITests.xctest; sourceTree = BUILT_PRODUCTS_DIR; };
		17F098C81CE1A6AB009ABE02 /* BookSearchUITests.swift */ = {isa = PBXFileReference; lastKnownFileType = sourcecode.swift; path = BookSearchUITests.swift; sourceTree = "<group>"; };
		17F098CA1CE1A6AB009ABE02 /* Info.plist */ = {isa = PBXFileReference; lastKnownFileType = text.plist.xml; path = Info.plist; sourceTree = "<group>"; };
		17F098DA1CE1AA10009ABE02 /* UserCameraViewController.swift */ = {isa = PBXFileReference; fileEncoding = 4; lastKnownFileType = sourcecode.swift; path = UserCameraViewController.swift; sourceTree = "<group>"; };
		17F098DE1CE1EC20009ABE02 /* BookDetailViewController.swift */ = {isa = PBXFileReference; fileEncoding = 4; lastKnownFileType = sourcecode.swift; path = BookDetailViewController.swift; sourceTree = "<group>"; };
		1D8C1487C3790D28DC622340 /* Pods_BookSearchTests.framework */ = {isa = PBXFileReference; explicitFileType = wrapper.framework; includeInIndex = 0; path = Pods_BookSearchTests.framework; sourceTree = BUILT_PRODUCTS_DIR; };
		3023FA82790D5C335594B074 /* Pods-BookSearchTests.release.xcconfig */ = {isa = PBXFileReference; includeInIndex = 1; lastKnownFileType = text.xcconfig; name = "Pods-BookSearchTests.release.xcconfig"; path = "Pods/Target Support Files/Pods-BookSearchTests/Pods-BookSearchTests.release.xcconfig"; sourceTree = "<group>"; };
		3CA886539CBB635BC21ED771 /* Pods-BookSearch.debug.xcconfig */ = {isa = PBXFileReference; includeInIndex = 1; lastKnownFileType = text.xcconfig; name = "Pods-BookSearch.debug.xcconfig"; path = "Pods/Target Support Files/Pods-BookSearch/Pods-BookSearch.debug.xcconfig"; sourceTree = "<group>"; };
		6019F255516D11205FBD82B6 /* Pods-BookSearchTests.debug.xcconfig */ = {isa = PBXFileReference; includeInIndex = 1; lastKnownFileType = text.xcconfig; name = "Pods-BookSearchTests.debug.xcconfig"; path = "Pods/Target Support Files/Pods-BookSearchTests/Pods-BookSearchTests.debug.xcconfig"; sourceTree = "<group>"; };
		61F41FEFE5A6938907E41ECF /* Pods-BookSearch.release.xcconfig */ = {isa = PBXFileReference; includeInIndex = 1; lastKnownFileType = text.xcconfig; name = "Pods-BookSearch.release.xcconfig"; path = "Pods/Target Support Files/Pods-BookSearch/Pods-BookSearch.release.xcconfig"; sourceTree = "<group>"; };
		B2EF1A1DE8AC2793EAAC86E1 /* Pods_BookSearchUITests.framework */ = {isa = PBXFileReference; explicitFileType = wrapper.framework; includeInIndex = 0; path = Pods_BookSearchUITests.framework; sourceTree = BUILT_PRODUCTS_DIR; };
		B8F46AE2E32FEEEA14E474CD /* Pods-BookSearchUITests.debug.xcconfig */ = {isa = PBXFileReference; includeInIndex = 1; lastKnownFileType = text.xcconfig; name = "Pods-BookSearchUITests.debug.xcconfig"; path = "Pods/Target Support Files/Pods-BookSearchUITests/Pods-BookSearchUITests.debug.xcconfig"; sourceTree = "<group>"; };
		BACB774F6ACEF12140CD3EE1 /* Pods_BookSearch.framework */ = {isa = PBXFileReference; explicitFileType = wrapper.framework; includeInIndex = 0; path = Pods_BookSearch.framework; sourceTree = BUILT_PRODUCTS_DIR; };
		F3E67F56A7DCB6874C1EB783 /* Pods-BookSearchUITests.release.xcconfig */ = {isa = PBXFileReference; includeInIndex = 1; lastKnownFileType = text.xcconfig; name = "Pods-BookSearchUITests.release.xcconfig"; path = "Pods/Target Support Files/Pods-BookSearchUITests/Pods-BookSearchUITests.release.xcconfig"; sourceTree = "<group>"; };
/* End PBXFileReference section */

/* Begin PBXFrameworksBuildPhase section */
		17F0989F1CE1A6AB009ABE02 /* Frameworks */ = {
			isa = PBXFrameworksBuildPhase;
			buildActionMask = 2147483647;
			files = (
				A110C204A18EB324F33FEED9 /* Pods_BookSearch.framework in Frameworks */,
			);
			runOnlyForDeploymentPostprocessing = 0;
		};
		17F098B61CE1A6AB009ABE02 /* Frameworks */ = {
			isa = PBXFrameworksBuildPhase;
			buildActionMask = 2147483647;
			files = (
				A3E05A478767CD4FB93616D4 /* Pods_BookSearchTests.framework in Frameworks */,
			);
			runOnlyForDeploymentPostprocessing = 0;
		};
		17F098C11CE1A6AB009ABE02 /* Frameworks */ = {
			isa = PBXFrameworksBuildPhase;
			buildActionMask = 2147483647;
			files = (
				4950E14212EF3024081622D8 /* Pods_BookSearchUITests.framework in Frameworks */,
			);
			runOnlyForDeploymentPostprocessing = 0;
		};
/* End PBXFrameworksBuildPhase section */

/* Begin PBXGroup section */
		0152B8EB7E7356BB5B823B1C /* Frameworks */ = {
			isa = PBXGroup;
			children = (
				BACB774F6ACEF12140CD3EE1 /* Pods_BookSearch.framework */,
				1D8C1487C3790D28DC622340 /* Pods_BookSearchTests.framework */,
				B2EF1A1DE8AC2793EAAC86E1 /* Pods_BookSearchUITests.framework */,
			);
			name = Frameworks;
			sourceTree = "<group>";
		};
		170AA3FB1CE32B1C004B60FA /* CoreDataNModel */ = {
			isa = PBXGroup;
			children = (
				170AA3F71CE32AE3004B60FA /* BookDetail+CoreDataProperties.swift */,
				170AA3F81CE32AE3004B60FA /* BookDetail.swift */,
				170AA3FE1CE32BA0004B60FA /* BookDataModel.swift */,
			);
			name = CoreDataNModel;
			path = ..;
			sourceTree = "<group>";
		};
		172F45E11CF4075400F6CE9C /* InterFace */ = {
			isa = PBXGroup;
			children = (
				17F098A91CE1A6AB009ABE02 /* Main.storyboard */,
				17F098B11CE1A6AB009ABE02 /* LaunchScreen.storyboard */,
			);
			name = InterFace;
			path = ..;
			sourceTree = "<group>";
		};
		172F45E41CF407F900F6CE9C /* Controller */ = {
			isa = PBXGroup;
			children = (
				172F45E71CF408F800F6CE9C /* UniLibrary */,
				172F45E61CF408C200F6CE9C /* ConnectDevice */,
				172F45E51CF4082600F6CE9C /* ScanBook */,
				17F098A71CE1A6AB009ABE02 /* ViewController.swift */,
			);
			name = Controller;
			sourceTree = "<group>";
		};
		172F45E51CF4082600F6CE9C /* ScanBook */ = {
			isa = PBXGroup;
			children = (
				17F098DE1CE1EC20009ABE02 /* BookDetailViewController.swift */,
				170AA4001CE36D83004B60FA /* BookListTableViewController.swift */,
				170AA4021CE36DA3004B60FA /* BookListTableViewCell.swift */,
			);
			name = ScanBook;
			sourceTree = "<group>";
		};
		172F45E61CF408C200F6CE9C /* ConnectDevice */ = {
			isa = PBXGroup;
			children = (
				17F098DA1CE1AA10009ABE02 /* UserCameraViewController.swift */,
			);
			name = ConnectDevice;
			sourceTree = "<group>";
		};
		172F45E71CF408F800F6CE9C /* UniLibrary */ = {
			isa = PBXGroup;
			children = (
				179E926E1CF05AAB00C84953 /* LibraryBookViewController.swift */,
				179E92751CF05ADC00C84953 /* LibraryBookTableViewController.swift */,
				172F45EC1CF4C9FB00F6CE9C /* LibraryBookListTableViewCell.swift */,
			);
			name = UniLibrary;
			sourceTree = "<group>";
		};
		17F098991CE1A6AB009ABE02 = {
			isa = PBXGroup;
			children = (
				17F098A41CE1A6AB009ABE02 /* BookSearch */,
				17F098BC1CE1A6AB009ABE02 /* BookSearchTests */,
				17F098C71CE1A6AB009ABE02 /* BookSearchUITests */,
				17F098A31CE1A6AB009ABE02 /* Products */,
				E8205D3298A728F93D8E9E63 /* Pods */,
				0152B8EB7E7356BB5B823B1C /* Frameworks */,
			);
			sourceTree = "<group>";
		};
		17F098A31CE1A6AB009ABE02 /* Products */ = {
			isa = PBXGroup;
			children = (
				17F098A21CE1A6AB009ABE02 /* BookSearch.app */,
				17F098B91CE1A6AB009ABE02 /* BookSearchTests.xctest */,
				17F098C41CE1A6AB009ABE02 /* BookSearchUITests.xctest */,
			);
			name = Products;
			sourceTree = "<group>";
		};
		17F098A41CE1A6AB009ABE02 /* BookSearch */ = {
			isa = PBXGroup;
			children = (
				172F45E41CF407F900F6CE9C /* Controller */,
				170AA3FB1CE32B1C004B60FA /* CoreDataNModel */,
				172F45E11CF4075400F6CE9C /* InterFace */,
				17F098A51CE1A6AB009ABE02 /* AppDelegate.swift */,
				17F098AF1CE1A6AB009ABE02 /* Assets.xcassets */,
				17F098B41CE1A6AB009ABE02 /* Info.plist */,
				17F098AC1CE1A6AB009ABE02 /* BookSearch.xcdatamodeld */,
			);
			path = BookSearch;
			sourceTree = "<group>";
		};
		17F098BC1CE1A6AB009ABE02 /* BookSearchTests */ = {
			isa = PBXGroup;
			children = (
				17F098BD1CE1A6AB009ABE02 /* BookSearchTests.swift */,
				17F098BF1CE1A6AB009ABE02 /* Info.plist */,
			);
			path = BookSearchTests;
			sourceTree = "<group>";
		};
		17F098C71CE1A6AB009ABE02 /* BookSearchUITests */ = {
			isa = PBXGroup;
			children = (
				17F098C81CE1A6AB009ABE02 /* BookSearchUITests.swift */,
				17F098CA1CE1A6AB009ABE02 /* Info.plist */,
			);
			path = BookSearchUITests;
			sourceTree = "<group>";
		};
		E8205D3298A728F93D8E9E63 /* Pods */ = {
			isa = PBXGroup;
			children = (
				3CA886539CBB635BC21ED771 /* Pods-BookSearch.debug.xcconfig */,
				61F41FEFE5A6938907E41ECF /* Pods-BookSearch.release.xcconfig */,
				6019F255516D11205FBD82B6 /* Pods-BookSearchTests.debug.xcconfig */,
				3023FA82790D5C335594B074 /* Pods-BookSearchTests.release.xcconfig */,
				B8F46AE2E32FEEEA14E474CD /* Pods-BookSearchUITests.debug.xcconfig */,
				F3E67F56A7DCB6874C1EB783 /* Pods-BookSearchUITests.release.xcconfig */,
			);
			name = Pods;
			sourceTree = "<group>";
		};
/* End PBXGroup section */

/* Begin PBXNativeTarget section */
		17F098A11CE1A6AB009ABE02 /* BookSearch */ = {
			isa = PBXNativeTarget;
			buildConfigurationList = 17F098CD1CE1A6AB009ABE02 /* Build configuration list for PBXNativeTarget "BookSearch" */;
			buildPhases = (
				396D68DE9EFC850A6639B5B0 /* 📦 Check Pods Manifest.lock */,
				17F0989E1CE1A6AB009ABE02 /* Sources */,
				17F0989F1CE1A6AB009ABE02 /* Frameworks */,
				17F098A01CE1A6AB009ABE02 /* Resources */,
				79D469D96F7A82ABE6696AF4 /* 📦 Embed Pods Frameworks */,
				9B65D809F993106DF68BA4E5 /* 📦 Copy Pods Resources */,
			);
			buildRules = (
			);
			dependencies = (
			);
			name = BookSearch;
			productName = BookSearch;
			productReference = 17F098A21CE1A6AB009ABE02 /* BookSearch.app */;
			productType = "com.apple.product-type.application";
		};
		17F098B81CE1A6AB009ABE02 /* BookSearchTests */ = {
			isa = PBXNativeTarget;
			buildConfigurationList = 17F098D01CE1A6AB009ABE02 /* Build configuration list for PBXNativeTarget "BookSearchTests" */;
			buildPhases = (
				6469BFDBD211237F037EE896 /* 📦 Check Pods Manifest.lock */,
				17F098B51CE1A6AB009ABE02 /* Sources */,
				17F098B61CE1A6AB009ABE02 /* Frameworks */,
				17F098B71CE1A6AB009ABE02 /* Resources */,
				4F80ACF14414A2DF63D1B7F1 /* 📦 Embed Pods Frameworks */,
				ED8F59D72F3A3BCF44C2B623 /* 📦 Copy Pods Resources */,
			);
			buildRules = (
			);
			dependencies = (
				17F098BB1CE1A6AB009ABE02 /* PBXTargetDependency */,
			);
			name = BookSearchTests;
			productName = BookSearchTests;
			productReference = 17F098B91CE1A6AB009ABE02 /* BookSearchTests.xctest */;
			productType = "com.apple.product-type.bundle.unit-test";
		};
		17F098C31CE1A6AB009ABE02 /* BookSearchUITests */ = {
			isa = PBXNativeTarget;
			buildConfigurationList = 17F098D31CE1A6AB009ABE02 /* Build configuration list for PBXNativeTarget "BookSearchUITests" */;
			buildPhases = (
				938AF0F9B962A070C8D70945 /* 📦 Check Pods Manifest.lock */,
				17F098C01CE1A6AB009ABE02 /* Sources */,
				17F098C11CE1A6AB009ABE02 /* Frameworks */,
				17F098C21CE1A6AB009ABE02 /* Resources */,
				D1C28D432B586389A2006BB0 /* 📦 Copy Pods Resources */,
			);
			buildRules = (
			);
			dependencies = (
				17F098C61CE1A6AB009ABE02 /* PBXTargetDependency */,
			);
			name = BookSearchUITests;
			productName = BookSearchUITests;
			productReference = 17F098C41CE1A6AB009ABE02 /* BookSearchUITests.xctest */;
			productType = "com.apple.product-type.bundle.ui-testing";
		};
/* End PBXNativeTarget section */

/* Begin PBXProject section */
		17F0989A1CE1A6AB009ABE02 /* Project object */ = {
			isa = PBXProject;
			attributes = {
				LastSwiftUpdateCheck = 0730;
				LastUpgradeCheck = 0730;
				ORGANIZATIONNAME = Stuart;
				TargetAttributes = {
					17F098A11CE1A6AB009ABE02 = {
						CreatedOnToolsVersion = 7.3;
						DevelopmentTeam = 5222JS844K;
					};
					17F098B81CE1A6AB009ABE02 = {
						CreatedOnToolsVersion = 7.3;
						DevelopmentTeam = 5222JS844K;
						TestTargetID = 17F098A11CE1A6AB009ABE02;
					};
					17F098C31CE1A6AB009ABE02 = {
						CreatedOnToolsVersion = 7.3;
						DevelopmentTeam = 5222JS844K;
						TestTargetID = 17F098A11CE1A6AB009ABE02;
					};
				};
			};
			buildConfigurationList = 17F0989D1CE1A6AB009ABE02 /* Build configuration list for PBXProject "BookSearch" */;
			compatibilityVersion = "Xcode 3.2";
			developmentRegion = English;
			hasScannedForEncodings = 0;
			knownRegions = (
				en,
				Base,
			);
			mainGroup = 17F098991CE1A6AB009ABE02;
			productRefGroup = 17F098A31CE1A6AB009ABE02 /* Products */;
			projectDirPath = "";
			projectRoot = "";
			targets = (
				17F098A11CE1A6AB009ABE02 /* BookSearch */,
				17F098B81CE1A6AB009ABE02 /* BookSearchTests */,
				17F098C31CE1A6AB009ABE02 /* BookSearchUITests */,
			);
		};
/* End PBXProject section */

/* Begin PBXResourcesBuildPhase section */
		17F098A01CE1A6AB009ABE02 /* Resources */ = {
			isa = PBXResourcesBuildPhase;
			buildActionMask = 2147483647;
			files = (
				17F098B31CE1A6AB009ABE02 /* LaunchScreen.storyboard in Resources */,
				17F098B01CE1A6AB009ABE02 /* Assets.xcassets in Resources */,
				17F098AB1CE1A6AB009ABE02 /* Main.storyboard in Resources */,
			);
			runOnlyForDeploymentPostprocessing = 0;
		};
		17F098B71CE1A6AB009ABE02 /* Resources */ = {
			isa = PBXResourcesBuildPhase;
			buildActionMask = 2147483647;
			files = (
			);
			runOnlyForDeploymentPostprocessing = 0;
		};
		17F098C21CE1A6AB009ABE02 /* Resources */ = {
			isa = PBXResourcesBuildPhase;
			buildActionMask = 2147483647;
			files = (
			);
			runOnlyForDeploymentPostprocessing = 0;
		};
/* End PBXResourcesBuildPhase section */

/* Begin PBXShellScriptBuildPhase section */
		396D68DE9EFC850A6639B5B0 /* 📦 Check Pods Manifest.lock */ = {
			isa = PBXShellScriptBuildPhase;
			buildActionMask = 2147483647;
			files = (
			);
			inputPaths = (
			);
			name = "📦 Check Pods Manifest.lock";
			outputPaths = (
			);
			runOnlyForDeploymentPostprocessing = 0;
			shellPath = /bin/sh;
			shellScript = "diff \"${PODS_ROOT}/../Podfile.lock\" \"${PODS_ROOT}/Manifest.lock\" > /dev/null\nif [[ $? != 0 ]] ; then\n    cat << EOM\nerror: The sandbox is not in sync with the Podfile.lock. Run 'pod install' or update your CocoaPods installation.\nEOM\n    exit 1\nfi\n";
			showEnvVarsInLog = 0;
		};
		4F80ACF14414A2DF63D1B7F1 /* 📦 Embed Pods Frameworks */ = {
			isa = PBXShellScriptBuildPhase;
			buildActionMask = 2147483647;
			files = (
			);
			inputPaths = (
			);
			name = "📦 Embed Pods Frameworks";
			outputPaths = (
			);
			runOnlyForDeploymentPostprocessing = 0;
			shellPath = /bin/sh;
			shellScript = "\"${SRCROOT}/Pods/Target Support Files/Pods-BookSearchTests/Pods-BookSearchTests-frameworks.sh\"\n";
			showEnvVarsInLog = 0;
		};
		6469BFDBD211237F037EE896 /* 📦 Check Pods Manifest.lock */ = {
			isa = PBXShellScriptBuildPhase;
			buildActionMask = 2147483647;
			files = (
			);
			inputPaths = (
			);
			name = "📦 Check Pods Manifest.lock";
			outputPaths = (
			);
			runOnlyForDeploymentPostprocessing = 0;
			shellPath = /bin/sh;
			shellScript = "diff \"${PODS_ROOT}/../Podfile.lock\" \"${PODS_ROOT}/Manifest.lock\" > /dev/null\nif [[ $? != 0 ]] ; then\n    cat << EOM\nerror: The sandbox is not in sync with the Podfile.lock. Run 'pod install' or update your CocoaPods installation.\nEOM\n    exit 1\nfi\n";
			showEnvVarsInLog = 0;
		};
		79D469D96F7A82ABE6696AF4 /* 📦 Embed Pods Frameworks */ = {
			isa = PBXShellScriptBuildPhase;
			buildActionMask = 2147483647;
			files = (
			);
			inputPaths = (
			);
			name = "📦 Embed Pods Frameworks";
			outputPaths = (
			);
			runOnlyForDeploymentPostprocessing = 0;
			shellPath = /bin/sh;
			shellScript = "\"${SRCROOT}/Pods/Target Support Files/Pods-BookSearch/Pods-BookSearch-frameworks.sh\"\n";
			showEnvVarsInLog = 0;
		};
		938AF0F9B962A070C8D70945 /* 📦 Check Pods Manifest.lock */ = {
			isa = PBXShellScriptBuildPhase;
			buildActionMask = 2147483647;
			files = (
			);
			inputPaths = (
			);
			name = "📦 Check Pods Manifest.lock";
			outputPaths = (
			);
			runOnlyForDeploymentPostprocessing = 0;
			shellPath = /bin/sh;
			shellScript = "diff \"${PODS_ROOT}/../Podfile.lock\" \"${PODS_ROOT}/Manifest.lock\" > /dev/null\nif [[ $? != 0 ]] ; then\n    cat << EOM\nerror: The sandbox is not in sync with the Podfile.lock. Run 'pod install' or update your CocoaPods installation.\nEOM\n    exit 1\nfi\n";
			showEnvVarsInLog = 0;
		};
		9B65D809F993106DF68BA4E5 /* 📦 Copy Pods Resources */ = {
			isa = PBXShellScriptBuildPhase;
			buildActionMask = 2147483647;
			files = (
			);
			inputPaths = (
			);
			name = "📦 Copy Pods Resources";
			outputPaths = (
			);
			runOnlyForDeploymentPostprocessing = 0;
			shellPath = /bin/sh;
			shellScript = "\"${SRCROOT}/Pods/Target Support Files/Pods-BookSearch/Pods-BookSearch-resources.sh\"\n";
			showEnvVarsInLog = 0;
		};
		D1C28D432B586389A2006BB0 /* 📦 Copy Pods Resources */ = {
			isa = PBXShellScriptBuildPhase;
			buildActionMask = 2147483647;
			files = (
			);
			inputPaths = (
			);
			name = "📦 Copy Pods Resources";
			outputPaths = (
			);
			runOnlyForDeploymentPostprocessing = 0;
			shellPath = /bin/sh;
			shellScript = "\"${SRCROOT}/Pods/Target Support Files/Pods-BookSearchUITests/Pods-BookSearchUITests-resources.sh\"\n";
			showEnvVarsInLog = 0;
		};
		ED8F59D72F3A3BCF44C2B623 /* 📦 Copy Pods Resources */ = {
			isa = PBXShellScriptBuildPhase;
			buildActionMask = 2147483647;
			files = (
			);
			inputPaths = (
			);
			name = "📦 Copy Pods Resources";
			outputPaths = (
			);
			runOnlyForDeploymentPostprocessing = 0;
			shellPath = /bin/sh;
			shellScript = "\"${SRCROOT}/Pods/Target Support Files/Pods-BookSearchTests/Pods-BookSearchTests-resources.sh\"\n";
			showEnvVarsInLog = 0;
		};
/* End PBXShellScriptBuildPhase section */

/* Begin PBXSourcesBuildPhase section */
		17F0989E1CE1A6AB009ABE02 /* Sources */ = {
			isa = PBXSourcesBuildPhase;
			buildActionMask = 2147483647;
			files = (
				179E926F1CF05AAB00C84953 /* LibraryBookViewController.swift in Sources */,
				17F098DB1CE1AA10009ABE02 /* UserCameraViewController.swift in Sources */,
				17F098A81CE1A6AB009ABE02 /* ViewController.swift in Sources */,
				17F098A61CE1A6AB009ABE02 /* AppDelegate.swift in Sources */,
				17F098AE1CE1A6AB009ABE02 /* BookSearch.xcdatamodeld in Sources */,
				170AA3FF1CE32BA0004B60FA /* BookDataModel.swift in Sources */,
				172F45ED1CF4C9FB00F6CE9C /* LibraryBookListTableViewCell.swift in Sources */,
				179E92761CF05ADC00C84953 /* LibraryBookTableViewController.swift in Sources */,
				170AA4011CE36D83004B60FA /* BookListTableViewController.swift in Sources */,
				17F098DF1CE1EC20009ABE02 /* BookDetailViewController.swift in Sources */,
				170AA3FA1CE32AE3004B60FA /* BookDetail.swift in Sources */,
				170AA4031CE36DA3004B60FA /* BookListTableViewCell.swift in Sources */,
				170AA3F91CE32AE3004B60FA /* BookDetail+CoreDataProperties.swift in Sources */,
			);
			runOnlyForDeploymentPostprocessing = 0;
		};
		17F098B51CE1A6AB009ABE02 /* Sources */ = {
			isa = PBXSourcesBuildPhase;
			buildActionMask = 2147483647;
			files = (
				17F098BE1CE1A6AB009ABE02 /* BookSearchTests.swift in Sources */,
			);
			runOnlyForDeploymentPostprocessing = 0;
		};
		17F098C01CE1A6AB009ABE02 /* Sources */ = {
			isa = PBXSourcesBuildPhase;
			buildActionMask = 2147483647;
			files = (
				17F098C91CE1A6AB009ABE02 /* BookSearchUITests.swift in Sources */,
			);
			runOnlyForDeploymentPostprocessing = 0;
		};
/* End PBXSourcesBuildPhase section */

/* Begin PBXTargetDependency section */
		17F098BB1CE1A6AB009ABE02 /* PBXTargetDependency */ = {
			isa = PBXTargetDependency;
			target = 17F098A11CE1A6AB009ABE02 /* BookSearch */;
			targetProxy = 17F098BA1CE1A6AB009ABE02 /* PBXContainerItemProxy */;
		};
		17F098C61CE1A6AB009ABE02 /* PBXTargetDependency */ = {
			isa = PBXTargetDependency;
			target = 17F098A11CE1A6AB009ABE02 /* BookSearch */;
			targetProxy = 17F098C51CE1A6AB009ABE02 /* PBXContainerItemProxy */;
		};
/* End PBXTargetDependency section */

/* Begin PBXVariantGroup section */
		17F098A91CE1A6AB009ABE02 /* Main.storyboard */ = {
			isa = PBXVariantGroup;
			children = (
				17F098AA1CE1A6AB009ABE02 /* Base */,
			);
			name = Main.storyboard;
			path = BookSearch;
			sourceTree = "<group>";
		};
		17F098B11CE1A6AB009ABE02 /* LaunchScreen.storyboard */ = {
			isa = PBXVariantGroup;
			children = (
				17F098B21CE1A6AB009ABE02 /* Base */,
			);
			name = LaunchScreen.storyboard;
			path = BookSearch;
			sourceTree = "<group>";
		};
/* End PBXVariantGroup section */

/* Begin XCBuildConfiguration section */
		17F098CB1CE1A6AB009ABE02 /* Debug */ = {
			isa = XCBuildConfiguration;
			buildSettings = {
				ALWAYS_SEARCH_USER_PATHS = NO;
				CLANG_ANALYZER_NONNULL = YES;
				CLANG_CXX_LANGUAGE_STANDARD = "gnu++0x";
				CLANG_CXX_LIBRARY = "libc++";
				CLANG_ENABLE_MODULES = YES;
				CLANG_ENABLE_OBJC_ARC = YES;
				CLANG_WARN_BOOL_CONVERSION = YES;
				CLANG_WARN_CONSTANT_CONVERSION = YES;
				CLANG_WARN_DIRECT_OBJC_ISA_USAGE = YES_ERROR;
				CLANG_WARN_EMPTY_BODY = YES;
				CLANG_WARN_ENUM_CONVERSION = YES;
				CLANG_WARN_INT_CONVERSION = YES;
				CLANG_WARN_OBJC_ROOT_CLASS = YES_ERROR;
				CLANG_WARN_UNREACHABLE_CODE = YES;
				CLANG_WARN__DUPLICATE_METHOD_MATCH = YES;
				"CODE_SIGN_IDENTITY[sdk=iphoneos*]" = "iPhone Developer";
				COPY_PHASE_STRIP = NO;
				DEBUG_INFORMATION_FORMAT = dwarf;
				ENABLE_STRICT_OBJC_MSGSEND = YES;
				ENABLE_TESTABILITY = YES;
				GCC_C_LANGUAGE_STANDARD = gnu99;
				GCC_DYNAMIC_NO_PIC = NO;
				GCC_NO_COMMON_BLOCKS = YES;
				GCC_OPTIMIZATION_LEVEL = 0;
				GCC_PREPROCESSOR_DEFINITIONS = (
					"DEBUG=1",
					"$(inherited)",
				);
				GCC_WARN_64_TO_32_BIT_CONVERSION = YES;
				GCC_WARN_ABOUT_RETURN_TYPE = YES_ERROR;
				GCC_WARN_UNDECLARED_SELECTOR = YES;
				GCC_WARN_UNINITIALIZED_AUTOS = YES_AGGRESSIVE;
				GCC_WARN_UNUSED_FUNCTION = YES;
				GCC_WARN_UNUSED_VARIABLE = YES;
				IPHONEOS_DEPLOYMENT_TARGET = 9.3;
				MTL_ENABLE_DEBUG_INFO = YES;
				ONLY_ACTIVE_ARCH = YES;
				SDKROOT = iphoneos;
				SWIFT_OPTIMIZATION_LEVEL = "-Onone";
			};
			name = Debug;
		};
		17F098CC1CE1A6AB009ABE02 /* Release */ = {
			isa = XCBuildConfiguration;
			buildSettings = {
				ALWAYS_SEARCH_USER_PATHS = NO;
				CLANG_ANALYZER_NONNULL = YES;
				CLANG_CXX_LANGUAGE_STANDARD = "gnu++0x";
				CLANG_CXX_LIBRARY = "libc++";
				CLANG_ENABLE_MODULES = YES;
				CLANG_ENABLE_OBJC_ARC = YES;
				CLANG_WARN_BOOL_CONVERSION = YES;
				CLANG_WARN_CONSTANT_CONVERSION = YES;
				CLANG_WARN_DIRECT_OBJC_ISA_USAGE = YES_ERROR;
				CLANG_WARN_EMPTY_BODY = YES;
				CLANG_WARN_ENUM_CONVERSION = YES;
				CLANG_WARN_INT_CONVERSION = YES;
				CLANG_WARN_OBJC_ROOT_CLASS = YES_ERROR;
				CLANG_WARN_UNREACHABLE_CODE = YES;
				CLANG_WARN__DUPLICATE_METHOD_MATCH = YES;
				"CODE_SIGN_IDENTITY[sdk=iphoneos*]" = "iPhone Developer";
				COPY_PHASE_STRIP = NO;
				DEBUG_INFORMATION_FORMAT = "dwarf-with-dsym";
				ENABLE_NS_ASSERTIONS = NO;
				ENABLE_STRICT_OBJC_MSGSEND = YES;
				GCC_C_LANGUAGE_STANDARD = gnu99;
				GCC_NO_COMMON_BLOCKS = YES;
				GCC_WARN_64_TO_32_BIT_CONVERSION = YES;
				GCC_WARN_ABOUT_RETURN_TYPE = YES_ERROR;
				GCC_WARN_UNDECLARED_SELECTOR = YES;
				GCC_WARN_UNINITIALIZED_AUTOS = YES_AGGRESSIVE;
				GCC_WARN_UNUSED_FUNCTION = YES;
				GCC_WARN_UNUSED_VARIABLE = YES;
				IPHONEOS_DEPLOYMENT_TARGET = 9.3;
				MTL_ENABLE_DEBUG_INFO = NO;
				SDKROOT = iphoneos;
				VALIDATE_PRODUCT = YES;
			};
			name = Release;
		};
		17F098CE1CE1A6AB009ABE02 /* Debug */ = {
			isa = XCBuildConfiguration;
			baseConfigurationReference = 3CA886539CBB635BC21ED771 /* Pods-BookSearch.debug.xcconfig */;
			buildSettings = {
				ASSETCATALOG_COMPILER_APPICON_NAME = AppIcon;
				INFOPLIST_FILE = BookSearch/Info.plist;
				LD_RUNPATH_SEARCH_PATHS = "$(inherited) @executable_path/Frameworks";
				OTHER_LDFLAGS = "$(inherited)";
				PRODUCT_BUNDLE_IDENTIFIER = "Stuart-Zhang.BookSearch";
				PRODUCT_NAME = "$(TARGET_NAME)";
				SWIFT_OBJC_BRIDGING_HEADER = "";
			};
			name = Debug;
		};
		17F098CF1CE1A6AB009ABE02 /* Release */ = {
			isa = XCBuildConfiguration;
			baseConfigurationReference = 61F41FEFE5A6938907E41ECF /* Pods-BookSearch.release.xcconfig */;
			buildSettings = {
				ASSETCATALOG_COMPILER_APPICON_NAME = AppIcon;
				INFOPLIST_FILE = BookSearch/Info.plist;
				LD_RUNPATH_SEARCH_PATHS = "$(inherited) @executable_path/Frameworks";
				OTHER_LDFLAGS = "$(inherited)";
				PRODUCT_BUNDLE_IDENTIFIER = "Stuart-Zhang.BookSearch";
				PRODUCT_NAME = "$(TARGET_NAME)";
				SWIFT_OBJC_BRIDGING_HEADER = "";
			};
			name = Release;
		};
		17F098D11CE1A6AB009ABE02 /* Debug */ = {
			isa = XCBuildConfiguration;
			baseConfigurationReference = 6019F255516D11205FBD82B6 /* Pods-BookSearchTests.debug.xcconfig */;
			buildSettings = {
				BUNDLE_LOADER = "$(TEST_HOST)";
				INFOPLIST_FILE = BookSearchTests/Info.plist;
				LD_RUNPATH_SEARCH_PATHS = "$(inherited) @executable_path/Frameworks @loader_path/Frameworks";
				PRODUCT_BUNDLE_IDENTIFIER = "Stuart-Zhang.BookSearchTests";
				PRODUCT_NAME = "$(TARGET_NAME)";
				TEST_HOST = "$(BUILT_PRODUCTS_DIR)/BookSearch.app/BookSearch";
			};
			name = Debug;
		};
		17F098D21CE1A6AB009ABE02 /* Release */ = {
			isa = XCBuildConfiguration;
			baseConfigurationReference = 3023FA82790D5C335594B074 /* Pods-BookSearchTests.release.xcconfig */;
			buildSettings = {
				BUNDLE_LOADER = "$(TEST_HOST)";
				INFOPLIST_FILE = BookSearchTests/Info.plist;
				LD_RUNPATH_SEARCH_PATHS = "$(inherited) @executable_path/Frameworks @loader_path/Frameworks";
				PRODUCT_BUNDLE_IDENTIFIER = "Stuart-Zhang.BookSearchTests";
				PRODUCT_NAME = "$(TARGET_NAME)";
				TEST_HOST = "$(BUILT_PRODUCTS_DIR)/BookSearch.app/BookSearch";
			};
			name = Release;
		};
		17F098D41CE1A6AB009ABE02 /* Debug */ = {
			isa = XCBuildConfiguration;
			baseConfigurationReference = B8F46AE2E32FEEEA14E474CD /* Pods-BookSearchUITests.debug.xcconfig */;
			buildSettings = {
				INFOPLIST_FILE = BookSearchUITests/Info.plist;
				LD_RUNPATH_SEARCH_PATHS = "$(inherited) @executable_path/Frameworks @loader_path/Frameworks";
				PRODUCT_BUNDLE_IDENTIFIER = "Stuart-Zhang.BookSearchUITests";
				PRODUCT_NAME = "$(TARGET_NAME)";
				TEST_TARGET_NAME = BookSearch;
			};
			name = Debug;
		};
		17F098D51CE1A6AB009ABE02 /* Release */ = {
			isa = XCBuildConfiguration;
			baseConfigurationReference = F3E67F56A7DCB6874C1EB783 /* Pods-BookSearchUITests.release.xcconfig */;
			buildSettings = {
				INFOPLIST_FILE = BookSearchUITests/Info.plist;
				LD_RUNPATH_SEARCH_PATHS = "$(inherited) @executable_path/Frameworks @loader_path/Frameworks";
				PRODUCT_BUNDLE_IDENTIFIER = "Stuart-Zhang.BookSearchUITests";
				PRODUCT_NAME = "$(TARGET_NAME)";
				TEST_TARGET_NAME = BookSearch;
			};
			name = Release;
		};
/* End XCBuildConfiguration section */

/* Begin XCConfigurationList section */
		17F0989D1CE1A6AB009ABE02 /* Build configuration list for PBXProject "BookSearch" */ = {
			isa = XCConfigurationList;
			buildConfigurations = (
				17F098CB1CE1A6AB009ABE02 /* Debug */,
				17F098CC1CE1A6AB009ABE02 /* Release */,
			);
			defaultConfigurationIsVisible = 0;
			defaultConfigurationName = Release;
		};
		17F098CD1CE1A6AB009ABE02 /* Build configuration list for PBXNativeTarget "BookSearch" */ = {
			isa = XCConfigurationList;
			buildConfigurations = (
				17F098CE1CE1A6AB009ABE02 /* Debug */,
				17F098CF1CE1A6AB009ABE02 /* Release */,
			);
			defaultConfigurationIsVisible = 0;
			defaultConfigurationName = Release;
		};
		17F098D01CE1A6AB009ABE02 /* Build configuration list for PBXNativeTarget "BookSearchTests" */ = {
			isa = XCConfigurationList;
			buildConfigurations = (
				17F098D11CE1A6AB009ABE02 /* Debug */,
				17F098D21CE1A6AB009ABE02 /* Release */,
			);
			defaultConfigurationIsVisible = 0;
			defaultConfigurationName = Release;
		};
		17F098D31CE1A6AB009ABE02 /* Build configuration list for PBXNativeTarget "BookSearchUITests" */ = {
			isa = XCConfigurationList;
			buildConfigurations = (
				17F098D41CE1A6AB009ABE02 /* Debug */,
				17F098D51CE1A6AB009ABE02 /* Release */,
			);
			defaultConfigurationIsVisible = 0;
			defaultConfigurationName = Release;
		};
/* End XCConfigurationList section */

/* Begin XCVersionGroup section */
		17F098AC1CE1A6AB009ABE02 /* BookSearch.xcdatamodeld */ = {
			isa = XCVersionGroup;
			children = (
				17F098AD1CE1A6AB009ABE02 /* BookSearch.xcdatamodel */,
			);
			currentVersion = 17F098AD1CE1A6AB009ABE02 /* BookSearch.xcdatamodel */;
			path = BookSearch.xcdatamodeld;
			sourceTree = "<group>";
			versionGroupType = wrapper.xcdatamodel;
		};
/* End XCVersionGroup section */
	};
	rootObject = 17F0989A1CE1A6AB009ABE02 /* Project object */;
}
